
Microsoft Visual Studio Solution File, Format Version 12.00
# Visual Studio Version 17
VisualStudioVersion = 17.0.31903.59
MinimumVisualStudioVersion = 10.0.40219.1
Project("{2150E333-8FDC-42A3-9474-1A3956D46DE8}") = "src", "src", "{28836EA9-7589-4025-B38B-122C0CFADBB6}"
EndProject
Project("{FAE04EC0-301F-11D3-BF4B-00C04F79EFBC}") = "ArchSoft.ValueObjects", "src\ArchSoft.ValueObjects\ArchSoft.ValueObjects.csproj", "{2881D15F-A032-41C1-A2EF-E55DF718DE45}"
EndProject
Project("{2150E333-8FDC-42A3-9474-1A3956D46DE8}") = "test", "test", "{79EAEEE0-C754-4FC6-9C5D-9D13BE4DF118}"
EndProject
Global
	GlobalSection(SolutionConfigurationPlatforms) = preSolution
		Debug|Any CPU = Debug|Any CPU
		Release|Any CPU = Release|Any CPU
	EndGlobalSection
	GlobalSection(ProjectConfigurationPlatforms) = postSolution
		{2881D15F-A032-41C1-A2EF-E55DF718DE45}.Debug|Any CPU.ActiveCfg = Debug|Any CPU
		{2881D15F-A032-41C1-A2EF-E55DF718DE45}.Debug|Any CPU.Build.0 = Debug|Any CPU
		{2881D15F-A032-41C1-A2EF-E55DF718DE45}.Release|Any CPU.ActiveCfg = Release|Any CPU
		{2881D15F-A032-41C1-A2EF-E55DF718DE45}.Release|Any CPU.Build.0 = Release|Any CPU
	EndGlobalSection
	GlobalSection(SolutionProperties) = preSolution
		HideSolutionNode = FALSE
	EndGlobalSection
	GlobalSection(NestedProjects) = preSolution
		{2881D15F-A032-41C1-A2EF-E55DF718DE45} = {28836EA9-7589-4025-B38B-122C0CFADBB6}
	EndGlobalSection
EndGlobal
